
Microsoft Visual Studio Solution File, Format Version 12.00
# Visual Studio Version 17
VisualStudioVersion = 17.8.34330.188
MinimumVisualStudioVersion = 10.0.40219.1
Project("{FAE04EC0-301F-11D3-BF4B-00C04F79EFBC}") = "TaskManager", "TaskManager.csproj", "{824175D5-843C-4311-8095-427C030FBFB4}"
EndProject
Global
	GlobalSection(SolutionConfigurationPlatforms) = preSolution
		Debug|Any CPU = Debug|Any CPU
		Release|Any CPU = Release|Any CPU
	EndGlobalSection
	GlobalSection(ProjectConfigurationPlatforms) = postSolution
		{824175D5-843C-4311-8095-427C030FBFB4}.Debug|Any CPU.ActiveCfg = Release|Any CPU
		{824175D5-843C-4311-8095-427C030FBFB4}.Debug|Any CPU.Build.0 = Release|Any CPU
		{824175D5-843C-4311-8095-427C030FBFB4}.Release|Any CPU.ActiveCfg = Release|Any CPU
		{824175D5-843C-4311-8095-427C030FBFB4}.Release|Any CPU.Build.0 = Release|Any CPU
	EndGlobalSection
	GlobalSection(SolutionProperties) = preSolution
		HideSolutionNode = FALSE
	EndGlobalSection
	GlobalSection(ExtensibilityGlobals) = postSolution
		SolutionGuid = {76EEC997-3205-42C7-9320-E930ADFA18CE}
	EndGlobalSection
EndGlobal
